
Microsoft Visual Studio Solution File, Format Version 12.00
# Visual Studio Version 17
VisualStudioVersion = 17.4.33213.308
MinimumVisualStudioVersion = 10.0.40219.1
Project("{9A19103F-16F7-4668-BE54-9A1E7A4F7556}") = "CarRental.Data", "CarRental.Data\CarRental.Data.csproj", "{F8B3C2E5-D482-46AF-A051-C2D7EB4BD88A}"
EndProject
Project("{9A19103F-16F7-4668-BE54-9A1E7A4F7556}") = "CarRental.Models", "CarRental.Models\CarRental.Models.csproj", "{DF2F4DE8-CF66-41BF-B84D-6D673DC96FB2}"
EndProject
Project("{9A19103F-16F7-4668-BE54-9A1E7A4F7556}") = "CarRental.Services", "CarRental.Services\CarRental.Services.csproj", "{C9A85FBD-800C-4D1A-928A-E151DB4DA00C}"
EndProject
Project("{9A19103F-16F7-4668-BE54-9A1E7A4F7556}") = "CarRental.ConsoleApp", "CarRental.ConsoleApp\CarRental.ConsoleApp.csproj", "{D46C1FC2-D9F2-42E7-9967-11403543CCF3}"
EndProject
Project("{9A19103F-16F7-4668-BE54-9A1E7A4F7556}") = "CarRental.FormApp", "MainFormApp\CarRental.FormApp.csproj", "{CD233D4C-9072-4DE9-95EA-A8DAA1929394}"
EndProject
Project("{FAE04EC0-301F-11D3-BF4B-00C04F79EFBC}") = "CarRental.Seeder", "CarRental.Seeder\CarRental.Seeder.csproj", "{5E77DBCF-4E70-49C0-BB1A-0738E0319D86}"
EndProject
Global
	GlobalSection(SolutionConfigurationPlatforms) = preSolution
		Debug|Any CPU = Debug|Any CPU
		Release|Any CPU = Release|Any CPU
	EndGlobalSection
	GlobalSection(ProjectConfigurationPlatforms) = postSolution
		{F8B3C2E5-D482-46AF-A051-C2D7EB4BD88A}.Debug|Any CPU.ActiveCfg = Debug|Any CPU
		{F8B3C2E5-D482-46AF-A051-C2D7EB4BD88A}.Debug|Any CPU.Build.0 = Debug|Any CPU
		{F8B3C2E5-D482-46AF-A051-C2D7EB4BD88A}.Release|Any CPU.ActiveCfg = Release|Any CPU
		{F8B3C2E5-D482-46AF-A051-C2D7EB4BD88A}.Release|Any CPU.Build.0 = Release|Any CPU
		{DF2F4DE8-CF66-41BF-B84D-6D673DC96FB2}.Debug|Any CPU.ActiveCfg = Debug|Any CPU
		{DF2F4DE8-CF66-41BF-B84D-6D673DC96FB2}.Debug|Any CPU.Build.0 = Debug|Any CPU
		{DF2F4DE8-CF66-41BF-B84D-6D673DC96FB2}.Release|Any CPU.ActiveCfg = Release|Any CPU
		{DF2F4DE8-CF66-41BF-B84D-6D673DC96FB2}.Release|Any CPU.Build.0 = Release|Any CPU
		{C9A85FBD-800C-4D1A-928A-E151DB4DA00C}.Debug|Any CPU.ActiveCfg = Debug|Any CPU
		{C9A85FBD-800C-4D1A-928A-E151DB4DA00C}.Debug|Any CPU.Build.0 = Debug|Any CPU
		{C9A85FBD-800C-4D1A-928A-E151DB4DA00C}.Release|Any CPU.ActiveCfg = Release|Any CPU
		{C9A85FBD-800C-4D1A-928A-E151DB4DA00C}.Release|Any CPU.Build.0 = Release|Any CPU
		{D46C1FC2-D9F2-42E7-9967-11403543CCF3}.Debug|Any CPU.ActiveCfg = Debug|Any CPU
		{D46C1FC2-D9F2-42E7-9967-11403543CCF3}.Debug|Any CPU.Build.0 = Debug|Any CPU
		{D46C1FC2-D9F2-42E7-9967-11403543CCF3}.Release|Any CPU.ActiveCfg = Release|Any CPU
		{D46C1FC2-D9F2-42E7-9967-11403543CCF3}.Release|Any CPU.Build.0 = Release|Any CPU
		{CD233D4C-9072-4DE9-95EA-A8DAA1929394}.Debug|Any CPU.ActiveCfg = Debug|Any CPU
		{CD233D4C-9072-4DE9-95EA-A8DAA1929394}.Debug|Any CPU.Build.0 = Debug|Any CPU
		{CD233D4C-9072-4DE9-95EA-A8DAA1929394}.Release|Any CPU.ActiveCfg = Release|Any CPU
		{CD233D4C-9072-4DE9-95EA-A8DAA1929394}.Release|Any CPU.Build.0 = Release|Any CPU
		{5E77DBCF-4E70-49C0-BB1A-0738E0319D86}.Debug|Any CPU.ActiveCfg = Debug|Any CPU
		{5E77DBCF-4E70-49C0-BB1A-0738E0319D86}.Debug|Any CPU.Build.0 = Debug|Any CPU
		{5E77DBCF-4E70-49C0-BB1A-0738E0319D86}.Release|Any CPU.ActiveCfg = Release|Any CPU
		{5E77DBCF-4E70-49C0-BB1A-0738E0319D86}.Release|Any CPU.Build.0 = Release|Any CPU
	EndGlobalSection
	GlobalSection(SolutionProperties) = preSolution
		HideSolutionNode = FALSE
	EndGlobalSection
	GlobalSection(ExtensibilityGlobals) = postSolution
		SolutionGuid = {746B2F2A-11B0-4948-B877-D39637FBFC3B}
	EndGlobalSection
EndGlobal
